
Microsoft Visual Studio Solution File, Format Version 12.00
# Visual Studio Version 16
VisualStudioVersion = 16.0.31019.35
MinimumVisualStudioVersion = 10.0.40219.1
Project("{9A19103F-16F7-4668-BE54-9A1E7A4F7556}") = "UrlShortener.Web", "UrlShortener.Web\UrlShortener.Web.csproj", "{78BE5102-0933-4915-9EED-A8B2D714D74E}"
EndProject
Project("{9A19103F-16F7-4668-BE54-9A1E7A4F7556}") = "UrlShortener.DAL", "UrlShortener.DAL\UrlShortener.DAL.csproj", "{5311928C-F3E9-4256-8E76-8A5FF6E318AE}"
EndProject
Project("{9A19103F-16F7-4668-BE54-9A1E7A4F7556}") = "UrlShortener.Services", "UrlShortener.Services\UrlShortener.Services.csproj", "{D313BB8A-76F5-43E1-84F0-718593071636}"
EndProject
Global
	GlobalSection(SolutionConfigurationPlatforms) = preSolution
		Debug|Any CPU = Debug|Any CPU
		Release|Any CPU = Release|Any CPU
	EndGlobalSection
	GlobalSection(ProjectConfigurationPlatforms) = postSolution
		{78BE5102-0933-4915-9EED-A8B2D714D74E}.Debug|Any CPU.ActiveCfg = Debug|Any CPU
		{78BE5102-0933-4915-9EED-A8B2D714D74E}.Debug|Any CPU.Build.0 = Debug|Any CPU
		{78BE5102-0933-4915-9EED-A8B2D714D74E}.Release|Any CPU.ActiveCfg = Release|Any CPU
		{78BE5102-0933-4915-9EED-A8B2D714D74E}.Release|Any CPU.Build.0 = Release|Any CPU
		{5311928C-F3E9-4256-8E76-8A5FF6E318AE}.Debug|Any CPU.ActiveCfg = Debug|Any CPU
		{5311928C-F3E9-4256-8E76-8A5FF6E318AE}.Debug|Any CPU.Build.0 = Debug|Any CPU
		{5311928C-F3E9-4256-8E76-8A5FF6E318AE}.Release|Any CPU.ActiveCfg = Release|Any CPU
		{5311928C-F3E9-4256-8E76-8A5FF6E318AE}.Release|Any CPU.Build.0 = Release|Any CPU
		{D313BB8A-76F5-43E1-84F0-718593071636}.Debug|Any CPU.ActiveCfg = Debug|Any CPU
		{D313BB8A-76F5-43E1-84F0-718593071636}.Debug|Any CPU.Build.0 = Debug|Any CPU
		{D313BB8A-76F5-43E1-84F0-718593071636}.Release|Any CPU.ActiveCfg = Release|Any CPU
		{D313BB8A-76F5-43E1-84F0-718593071636}.Release|Any CPU.Build.0 = Release|Any CPU
	EndGlobalSection
	GlobalSection(SolutionProperties) = preSolution
		HideSolutionNode = FALSE
	EndGlobalSection
	GlobalSection(ExtensibilityGlobals) = postSolution
		SolutionGuid = {17A994E9-8641-4439-8B48-E98CABB79209}
	EndGlobalSection
EndGlobal
